{
  "name": "cv",
  "version": "1.0.0",
  "lockfileVersion": 3,
  "requires": true,
  "packages": {
    "": {
      "name": "cv",
      "version": "1.0.0",
      "license": "MIT",
      "dependencies": {
        "md-to-cv-generator": "^1.0.8"
      }
    },
    "node_modules/md-to-cv-generator": {
      "version": "1.0.8",
      "resolved": "https://registry.npmjs.org/md-to-cv-generator/-/md-to-cv-generator-1.0.8.tgz",
      "integrity": "sha512-pcQv1rvehqdnRt8YqeF5L6OlraPyeliNT2opsryXUZrUbHUvXnjHipCQbb7CDgh2Pfy1/WiHhOrcwk5S3l+L3A==",
      "bin": {
        "md-to-cv-generator": "index.js"
      }
    }
  }
}
